dependencies:
- name: cert-manager
  repository: https://charts.jetstack.io
  version: v1.9.1
- name: cilium
  repository: https://helm.cilium.io
  version: 1.12.1
- name: coredns
  repository: https://coredns.github.io/helm
  version: 1.19.4
- name: ingress-nginx
  repository: https://kubernetes.github.io/ingress-nginx
  version: 4.2.1
- name: longhorn
  repository: https://charts.longhorn.io
  version: 1.3.1
- name: sealed-secrets
  repository: https://bitnami-labs.github.io/sealed-secrets
  version: 2.6.0
digest: sha256:3d9187eb4182a2cb6d826c69e96813e8c73fbc824bdc05b8ed3e02f863cedc5e
generated: "2022-08-17T11:40:11.632558-05:00"
